
Microsoft Visual Studio Solution File, Format Version 12.00
# Visual Studio Version 17
VisualStudioVersion = 17.10.35122.118
MinimumVisualStudioVersion = 10.0.40219.1
Project("{FAE04EC0-301F-11D3-BF4B-00C04F79EFBC}") = "Front_TalleresSeta", "Front_TalleresSeta\Front_TalleresSeta.csproj", "{81B78D83-888E-4F5D-BBEF-FAA1ABA3BAAF}"
EndProject
Global
	GlobalSection(SolutionConfigurationPlatforms) = preSolution
		Debug|Any CPU = Debug|Any CPU
		Release|Any CPU = Release|Any CPU
	EndGlobalSection
	GlobalSection(ProjectConfigurationPlatforms) = postSolution
		{81B78D83-888E-4F5D-BBEF-FAA1ABA3BAAF}.Debug|Any CPU.ActiveCfg = Debug|Any CPU
		{81B78D83-888E-4F5D-BBEF-FAA1ABA3BAAF}.Debug|Any CPU.Build.0 = Debug|Any CPU
		{81B78D83-888E-4F5D-BBEF-FAA1ABA3BAAF}.Release|Any CPU.ActiveCfg = Release|Any CPU
		{81B78D83-888E-4F5D-BBEF-FAA1ABA3BAAF}.Release|Any CPU.Build.0 = Release|Any CPU
	EndGlobalSection
	GlobalSection(SolutionProperties) = preSolution
		HideSolutionNode = FALSE
	EndGlobalSection
	GlobalSection(ExtensibilityGlobals) = postSolution
		SolutionGuid = {D743C472-5CDF-4DED-B576-0F050BDEF678}
	EndGlobalSection
EndGlobal
